
Microsoft Visual Studio Solution File, Format Version 12.00
# Visual Studio 15
VisualStudioVersion = 15.0.26430.14
MinimumVisualStudioVersion = 10.0.40219.1
Project("{FAE04EC0-301F-11D3-BF4B-00C04F79EFBC}") = "ManagementClient", "ManagementClient\ManagementClient.csproj", "{22D86A75-10ED-4CDA-9460-C6A1892C4D7D}"
EndProject
Global
	GlobalSection(SolutionConfigurationPlatforms) = preSolution
		Debug|Any CPU = Debug|Any CPU
		Release|Any CPU = Release|Any CPU
	EndGlobalSection
	GlobalSection(ProjectConfigurationPlatforms) = postSolution
		{22D86A75-10ED-4CDA-9460-C6A1892C4D7D}.Debug|Any CPU.ActiveCfg = Debug|Any CPU
		{22D86A75-10ED-4CDA-9460-C6A1892C4D7D}.Debug|Any CPU.Build.0 = Debug|Any CPU
		{22D86A75-10ED-4CDA-9460-C6A1892C4D7D}.Release|Any CPU.ActiveCfg = Release|Any CPU
		{22D86A75-10ED-4CDA-9460-C6A1892C4D7D}.Release|Any CPU.Build.0 = Release|Any CPU
	EndGlobalSection
	GlobalSection(SolutionProperties) = preSolution
		HideSolutionNode = FALSE
	EndGlobalSection
EndGlobal
